
Microsoft Visual Studio Solution File, Format Version 12.00
# Visual Studio Version 16
VisualStudioVersion = 25.0.1705.4
MinimumVisualStudioVersion = 10.0.40219.1
Project("{FAE04EC0-301F-11D3-BF4B-00C04F79EFBC}") = "GeometryPuzzleApp", "GeometryPuzzleApp.csproj", "{273929BD-5563-497A-A28E-C1923DEF1FAB}"
EndProject
Global
	GlobalSection(SolutionConfigurationPlatforms) = preSolution
		Debug|Any CPU = Debug|Any CPU
		Release|Any CPU = Release|Any CPU
	EndGlobalSection
	GlobalSection(ProjectConfigurationPlatforms) = postSolution
		{273929BD-5563-497A-A28E-C1923DEF1FAB}.Debug|Any CPU.ActiveCfg = Debug|Any CPU
		{273929BD-5563-497A-A28E-C1923DEF1FAB}.Debug|Any CPU.Build.0 = Debug|Any CPU
		{273929BD-5563-497A-A28E-C1923DEF1FAB}.Release|Any CPU.ActiveCfg = Release|Any CPU
		{273929BD-5563-497A-A28E-C1923DEF1FAB}.Release|Any CPU.Build.0 = Release|Any CPU
	EndGlobalSection
	GlobalSection(SolutionProperties) = preSolution
		HideSolutionNode = FALSE
	EndGlobalSection
	GlobalSection(ExtensibilityGlobals) = postSolution
		SolutionGuid = {3C0AC97A-A9B7-4E0A-A1A5-C84E8C56F6E0}
	EndGlobalSection
EndGlobal
