
Microsoft Visual Studio Solution File, Format Version 12.00
# Visual Studio Version 16
VisualStudioVersion = 25.0.1705.4
MinimumVisualStudioVersion = 10.0.40219.1
Project("{FAE04EC0-301F-11D3-BF4B-00C04F79EFBC}") = "GeometryPuzzleApp", "GeometryPuzzleApp.csproj", "{273929BD-5563-497A-A28E-C1923DEF1FAB}"
EndProject
Project("{FAE04EC0-301F-11D3-BF4B-00C04F79EFBC}") = "GeometryPuzzleApp.Test", "..\GeometryPuzzleApp.Test\GeometryPuzzleApp.Test.csproj", "{C7E807D7-76F8-4565-A819-CEFACB3A1B29}"
EndProject
Project("{FAE04EC0-301F-11D3-BF4B-00C04F79EFBC}") = "PolygonUtility", "..\PolygonUtility\PolygonUtility.csproj", "{A515E916-F5C3-491B-9018-D9296AC7DDB9}"
EndProject
Project("{9344BDBB-3E7F-41FC-A0DD-8665D75EE146}") = "PolygonIntersectionCheckUtility", "..\PolygonIntersectionCheckUtility\PolygonIntersectionCheckUtility.csproj", "{09474DB4-1CA4-4E06-A940-81C1ADC76C5E}"
EndProject
Global
	GlobalSection(SolutionConfigurationPlatforms) = preSolution
		Debug|Any CPU = Debug|Any CPU
		Release|Any CPU = Release|Any CPU
	EndGlobalSection
	GlobalSection(ProjectConfigurationPlatforms) = postSolution
		{273929BD-5563-497A-A28E-C1923DEF1FAB}.Debug|Any CPU.ActiveCfg = Debug|Any CPU
		{273929BD-5563-497A-A28E-C1923DEF1FAB}.Debug|Any CPU.Build.0 = Debug|Any CPU
		{273929BD-5563-497A-A28E-C1923DEF1FAB}.Release|Any CPU.ActiveCfg = Release|Any CPU
		{273929BD-5563-497A-A28E-C1923DEF1FAB}.Release|Any CPU.Build.0 = Release|Any CPU
		{C7E807D7-76F8-4565-A819-CEFACB3A1B29}.Debug|Any CPU.ActiveCfg = Debug|Any CPU
		{C7E807D7-76F8-4565-A819-CEFACB3A1B29}.Debug|Any CPU.Build.0 = Debug|Any CPU
		{C7E807D7-76F8-4565-A819-CEFACB3A1B29}.Release|Any CPU.ActiveCfg = Release|Any CPU
		{C7E807D7-76F8-4565-A819-CEFACB3A1B29}.Release|Any CPU.Build.0 = Release|Any CPU
		{A515E916-F5C3-491B-9018-D9296AC7DDB9}.Debug|Any CPU.ActiveCfg = Debug|Any CPU
		{A515E916-F5C3-491B-9018-D9296AC7DDB9}.Debug|Any CPU.Build.0 = Debug|Any CPU
		{A515E916-F5C3-491B-9018-D9296AC7DDB9}.Release|Any CPU.ActiveCfg = Release|Any CPU
		{A515E916-F5C3-491B-9018-D9296AC7DDB9}.Release|Any CPU.Build.0 = Release|Any CPU
		{09474DB4-1CA4-4E06-A940-81C1ADC76C5E}.Debug|Any CPU.ActiveCfg = Debug|Any CPU
		{09474DB4-1CA4-4E06-A940-81C1ADC76C5E}.Debug|Any CPU.Build.0 = Debug|Any CPU
		{09474DB4-1CA4-4E06-A940-81C1ADC76C5E}.Release|Any CPU.ActiveCfg = Release|Any CPU
		{09474DB4-1CA4-4E06-A940-81C1ADC76C5E}.Release|Any CPU.Build.0 = Release|Any CPU
	EndGlobalSection
	GlobalSection(SolutionProperties) = preSolution
		HideSolutionNode = FALSE
	EndGlobalSection
	GlobalSection(ExtensibilityGlobals) = postSolution
		SolutionGuid = {3C0AC97A-A9B7-4E0A-A1A5-C84E8C56F6E0}
	EndGlobalSection
EndGlobal
